
Microsoft Visual Studio Solution File, Format Version 9.00
# Visual Studio 2005
Project("{8BC9CEB8-8B4A-11D0-8D11-00A0C91BC942}") = "instsrv", "instsrv\Instsrv.vcproj", "{88A3EE95-FECE-4E33-9F72-C9335A97B731}"
EndProject
Project("{8BC9CEB8-8B4A-11D0-8D11-00A0C91BC942}") = "libntp", "libntp\libntp.vcproj", "{137B1CA5-DA8C-491C-8FA1-0CBD5003500A}"
EndProject
Project("{8BC9CEB8-8B4A-11D0-8D11-00A0C91BC942}") = "ntpd", "ntpd\ntpd.vcproj", "{B01F5169-943C-4945-A017-D2427AC30191}"
	ProjectSection(ProjectDependencies) = postProject
		{137B1CA5-DA8C-491C-8FA1-0CBD5003500A} = {137B1CA5-DA8C-491C-8FA1-0CBD5003500A}
	EndProjectSection
EndProject
Project("{8BC9CEB8-8B4A-11D0-8D11-00A0C91BC942}") = "ntpdate", "ntpdate\ntpdate.vcproj", "{11DDB7BB-6C6B-4F52-87F5-47738AA49A18}"
	ProjectSection(ProjectDependencies) = postProject
		{137B1CA5-DA8C-491C-8FA1-0CBD5003500A} = {137B1CA5-DA8C-491C-8FA1-0CBD5003500A}
	EndProjectSection
EndProject
Project("{8BC9CEB8-8B4A-11D0-8D11-00A0C91BC942}") = "ntpdc", "ntpdc\ntpdc.vcproj", "{7A36A561-055C-420D-A4D0-1D90D24B8ECF}"
	ProjectSection(ProjectDependencies) = postProject
		{137B1CA5-DA8C-491C-8FA1-0CBD5003500A} = {137B1CA5-DA8C-491C-8FA1-0CBD5003500A}
	EndProjectSection
EndProject
Project("{8BC9CEB8-8B4A-11D0-8D11-00A0C91BC942}") = "ntpkeygen", "ntp-keygen\ntpkeygen.vcproj", "{6AE50404-FB6C-4658-86A5-4717CEFC79C1}"
EndProject
Project("{8BC9CEB8-8B4A-11D0-8D11-00A0C91BC942}") = "ntpq", "ntpq\ntpq.vcproj", "{BA3BA083-A4A5-4378-89E8-48EAD998F261}"
	ProjectSection(ProjectDependencies) = postProject
		{137B1CA5-DA8C-491C-8FA1-0CBD5003500A} = {137B1CA5-DA8C-491C-8FA1-0CBD5003500A}
	EndProjectSection
EndProject
Global
	GlobalSection(SolutionConfigurationPlatforms) = preSolution
		Debug|Win32 = Debug|Win32
		Release|Win32 = Release|Win32
	EndGlobalSection
	GlobalSection(ProjectConfigurationPlatforms) = postSolution
		{88A3EE95-FECE-4E33-9F72-C9335A97B731}.Debug|Win32.ActiveCfg = Debug|Win32
		{88A3EE95-FECE-4E33-9F72-C9335A97B731}.Debug|Win32.Build.0 = Debug|Win32
		{88A3EE95-FECE-4E33-9F72-C9335A97B731}.Release|Win32.ActiveCfg = Release|Win32
		{88A3EE95-FECE-4E33-9F72-C9335A97B731}.Release|Win32.Build.0 = Release|Win32
		{137B1CA5-DA8C-491C-8FA1-0CBD5003500A}.Debug|Win32.ActiveCfg = Debug|Win32
		{137B1CA5-DA8C-491C-8FA1-0CBD5003500A}.Debug|Win32.Build.0 = Debug|Win32
		{137B1CA5-DA8C-491C-8FA1-0CBD5003500A}.Release|Win32.ActiveCfg = Release|Win32
		{137B1CA5-DA8C-491C-8FA1-0CBD5003500A}.Release|Win32.Build.0 = Release|Win32
		{B01F5169-943C-4945-A017-D2427AC30191}.Debug|Win32.ActiveCfg = Debug|Win32
		{B01F5169-943C-4945-A017-D2427AC30191}.Debug|Win32.Build.0 = Debug|Win32
		{B01F5169-943C-4945-A017-D2427AC30191}.Release|Win32.ActiveCfg = Release|Win32
		{B01F5169-943C-4945-A017-D2427AC30191}.Release|Win32.Build.0 = Release|Win32
		{11DDB7BB-6C6B-4F52-87F5-47738AA49A18}.Debug|Win32.ActiveCfg = Debug|Win32
		{11DDB7BB-6C6B-4F52-87F5-47738AA49A18}.Debug|Win32.Build.0 = Debug|Win32
		{11DDB7BB-6C6B-4F52-87F5-47738AA49A18}.Release|Win32.ActiveCfg = Release|Win32
		{11DDB7BB-6C6B-4F52-87F5-47738AA49A18}.Release|Win32.Build.0 = Release|Win32
		{7A36A561-055C-420D-A4D0-1D90D24B8ECF}.Debug|Win32.ActiveCfg = Debug|Win32
		{7A36A561-055C-420D-A4D0-1D90D24B8ECF}.Debug|Win32.Build.0 = Debug|Win32
		{7A36A561-055C-420D-A4D0-1D90D24B8ECF}.Release|Win32.ActiveCfg = Release|Win32
		{7A36A561-055C-420D-A4D0-1D90D24B8ECF}.Release|Win32.Build.0 = Release|Win32
		{6AE50404-FB6C-4658-86A5-4717CEFC79C1}.Debug|Win32.ActiveCfg = Debug|Win32
		{6AE50404-FB6C-4658-86A5-4717CEFC79C1}.Debug|Win32.Build.0 = Debug|Win32
		{6AE50404-FB6C-4658-86A5-4717CEFC79C1}.Release|Win32.ActiveCfg = Release|Win32
		{6AE50404-FB6C-4658-86A5-4717CEFC79C1}.Release|Win32.Build.0 = Release|Win32
		{BA3BA083-A4A5-4378-89E8-48EAD998F261}.Debug|Win32.ActiveCfg = Debug|Win32
		{BA3BA083-A4A5-4378-89E8-48EAD998F261}.Debug|Win32.Build.0 = Debug|Win32
		{BA3BA083-A4A5-4378-89E8-48EAD998F261}.Release|Win32.ActiveCfg = Release|Win32
		{BA3BA083-A4A5-4378-89E8-48EAD998F261}.Release|Win32.Build.0 = Release|Win32
	EndGlobalSection
	GlobalSection(SolutionProperties) = preSolution
		HideSolutionNode = FALSE
	EndGlobalSection
EndGlobal
